
Microsoft Visual Studio Solution File, Format Version 12.00
# Visual Studio 15
VisualStudioVersion = 15.0.28307.168
MinimumVisualStudioVersion = 10.0.40219.1
Project("{9A19103F-16F7-4668-BE54-9A1E7A4F7556}") = "CountWords", "CountWords\CountWords.csproj", "{3B617717-F050-4C08-915E-0520B288354A}"
EndProject
Project("{FAE04EC0-301F-11D3-BF4B-00C04F79EFBC}") = "CountWords.Benchmarks", "CountWords.Benchmarks\CountWords.Benchmarks.csproj", "{9BF36913-F9BF-488F-AD71-FD7E6C61C017}"
EndProject
Global
	GlobalSection(SolutionConfigurationPlatforms) = preSolution
		Debug|Any CPU = Debug|Any CPU
		Release|Any CPU = Release|Any CPU
	EndGlobalSection
	GlobalSection(ProjectConfigurationPlatforms) = postSolution
		{3B617717-F050-4C08-915E-0520B288354A}.Debug|Any CPU.ActiveCfg = Debug|Any CPU
		{3B617717-F050-4C08-915E-0520B288354A}.Debug|Any CPU.Build.0 = Debug|Any CPU
		{3B617717-F050-4C08-915E-0520B288354A}.Release|Any CPU.ActiveCfg = Release|Any CPU
		{3B617717-F050-4C08-915E-0520B288354A}.Release|Any CPU.Build.0 = Release|Any CPU
		{9BF36913-F9BF-488F-AD71-FD7E6C61C017}.Debug|Any CPU.ActiveCfg = Debug|Any CPU
		{9BF36913-F9BF-488F-AD71-FD7E6C61C017}.Debug|Any CPU.Build.0 = Debug|Any CPU
		{9BF36913-F9BF-488F-AD71-FD7E6C61C017}.Release|Any CPU.ActiveCfg = Release|Any CPU
		{9BF36913-F9BF-488F-AD71-FD7E6C61C017}.Release|Any CPU.Build.0 = Release|Any CPU
	EndGlobalSection
	GlobalSection(SolutionProperties) = preSolution
		HideSolutionNode = FALSE
	EndGlobalSection
	GlobalSection(ExtensibilityGlobals) = postSolution
		SolutionGuid = {FE8921FE-0C8E-4441-99D0-A5E795D6C42A}
	EndGlobalSection
EndGlobal
